# This file is autogenerated, do not edit; changes may be undone by the next 'dep ensure'.


[[projects]]
  digest = "1:2fe1004f8903788ec124f0120559b5d2bcecef9d503e74ac1bbb63de8ae53532"
  name = "github.com/gogo/protobuf"
  packages = [
    "gogoproto",
    "plugin/compare",
    "plugin/defaultcheck",
    "plugin/description",
    "plugin/embedcheck",
    "plugin/enumstringer",
    "plugin/equal",
    "plugin/face",
    "plugin/gostring",
    "plugin/marshalto",
    "plugin/oneofcheck",
    "plugin/populate",
    "plugin/size",
    "plugin/stringer",
    "plugin/testgen",
    "plugin/union",
    "plugin/unmarshal",
    "proto",
    "protoc-gen-gogo/descriptor",
    "protoc-gen-gogo/generator",
    "protoc-gen-gogo/generator/internal/remap",
    "protoc-gen-gogo/grpc",
    "protoc-gen-gogo/plugin",
    "sortkeys",
    "vanity",
    "vanity/command",
  ]
  pruneopts = "UT"
  revision = "65acae22fc9d"

[[projects]]
  digest = "1:c1b1102241e7f645bc8e0c22ae352e8f0dc6484b6cb4d132fa9f24174e0119e2"
  name = "github.com/spf13/pflag"
  packages = ["."]
  pruneopts = "UT"
  revision = "298182f68c66c05229eb03ac171abe6e309ee79a"
  version = "v1.0.3"

[[projects]]
  digest = "1:76c873c4cb93459b6af4732946d6b9786c16426031fb390e8c52680e3f4d1ca6"
  name = "golang.org/x/tools"
  packages = [
    "go/ast/astutil",
    "go/gcexportdata",
    "go/internal/gcimporter",
    "go/internal/packagesdriver",
    "go/packages",
    "go/types/typeutil",
    "imports",
    "internal/fastwalk",
    "internal/gopathwalk",
    "internal/imports",
    "internal/module",
    "internal/semver",
  ]
  pruneopts = "UT"
  revision = "6e04913cbbac"

[[projects]]
  digest = "1:6b2728b88f8c7ce11fd8dc1015d90588a0d65906da548376f3eb9d6139f3234d"
  name = "gonum.org/v1/gonum"
  packages = [
    "blas",
    "blas/blas64",
    "blas/cblas128",
    "blas/gonum",
    "floats",
    "graph",
    "graph/internal/linear",
    "graph/internal/ordered",
    "graph/internal/set",
    "graph/internal/uid",
    "graph/iterator",
    "graph/simple",
    "graph/topo",
    "graph/traverse",
    "internal/asm/c128",
    "internal/asm/c64",
    "internal/asm/f32",
    "internal/asm/f64",
    "internal/cmplx64",
    "internal/math32",
    "lapack",
    "lapack/gonum",
    "lapack/lapack64",
    "mat",
  ]
  pruneopts = "UT"
  revision = "3d26580ed485"

[[projects]]
  digest = "1:2822ce9f0904dd62d930461aa8f6ba40339d93cd034f63b0be1c875baf67c47f"
  name = "k8s.io/gengo"
  packages = [
    "args",
    "examples/deepcopy-gen/generators",
    "examples/defaulter-gen/generators",
    "examples/import-boss/generators",
    "examples/set-gen/generators",
    "examples/set-gen/sets",
    "generator",
    "namer",
    "parser",
    "types",
  ]
  pruneopts = "UT"
  revision = "26a664648505"

[[projects]]
  digest = "1:93e82f25d75aba18436ad1ac042cb49493f096011f2541075721ed6f9e05c044"
  name = "k8s.io/klog"
  packages = ["."]
  pruneopts = "UT"
  revision = "2ca9ad30301bf30a8a6e0fa2110db6b8df699a91"
  version = "v1.0.0"

[solve-meta]
  analyzer-name = "dep"
  analyzer-version = 1
  input-imports = [
    "github.com/gogo/protobuf/gogoproto",
    "github.com/gogo/protobuf/proto",
    "github.com/gogo/protobuf/sortkeys",
    "github.com/gogo/protobuf/vanity/command",
    "github.com/spf13/pflag",
    "gonum.org/v1/gonum/graph",
    "gonum.org/v1/gonum/graph/simple",
    "gonum.org/v1/gonum/graph/topo",
    "k8s.io/gengo/args",
    "k8s.io/gengo/examples/deepcopy-gen/generators",
    "k8s.io/gengo/examples/defaulter-gen/generators",
    "k8s.io/gengo/examples/import-boss/generators",
    "k8s.io/gengo/examples/set-gen/generators",
    "k8s.io/gengo/generator",
    "k8s.io/gengo/namer",
    "k8s.io/gengo/parser",
    "k8s.io/gengo/types",
    "k8s.io/klog",
  ]
  solver-name = "gps-cdcl"
  solver-version = 1
